
Microsoft Visual Studio Solution File, Format Version 12.00
# Visual Studio Version 17
VisualStudioVersion = 17.7.34024.191
MinimumVisualStudioVersion = 10.0.40219.1
Project("{9A19103F-16F7-4668-BE54-9A1E7A4F7556}") = "CodZombiesPerks_v1.0.1.2", "CodZombiesPerks_v1.0.1.2.csproj", "{56944BDC-15FD-400E-9B64-BABDD08D88ED}"
EndProject
Global
	GlobalSection(SolutionConfigurationPlatforms) = preSolution
		Debug|Any CPU = Debug|Any CPU
		Release|Any CPU = Release|Any CPU
	EndGlobalSection
	GlobalSection(ProjectConfigurationPlatforms) = postSolution
		{56944BDC-15FD-400E-9B64-BABDD08D88ED}.Debug|Any CPU.ActiveCfg = Debug|Any CPU
		{56944BDC-15FD-400E-9B64-BABDD08D88ED}.Debug|Any CPU.Build.0 = Debug|Any CPU
		{56944BDC-15FD-400E-9B64-BABDD08D88ED}.Release|Any CPU.ActiveCfg = Release|Any CPU
		{56944BDC-15FD-400E-9B64-BABDD08D88ED}.Release|Any CPU.Build.0 = Release|Any CPU
	EndGlobalSection
	GlobalSection(SolutionProperties) = preSolution
		HideSolutionNode = FALSE
	EndGlobalSection
	GlobalSection(ExtensibilityGlobals) = postSolution
		SolutionGuid = {8E3D00EB-5A8F-4DBF-B619-7DACEA2DF427}
	EndGlobalSection
EndGlobal
